# This file is automatically @generated by Cargo.
# It is not intended for manual editing.
version = 4

[[package]]
name = "bitflags"
version = "2.11.0"
source = "registry+https://github.com/rust-lang/crates.io-index"
checksum = "843867be96c8daad0d758b57df9392b6d8d271134fce549de6ce169ff98a92af"

[[package]]
name = "culvert"
version = "0.1.1"
source = "registry+https://github.com/rust-lang/crates.io-index"
checksum = "2367cf98b0b5dce43d62dc45b83d35ef4f3a70437a279598b94aa27c9f262c25"
dependencies = [
 "display-types",
 "hdmi-hal 0.2.0",
]

[[package]]
name = "culvert-async"
version = "0.1.0"
dependencies = [
 "culvert",
 "hdmi-hal-async",
 "plumbob-async",
 "pollster",
]

[[package]]
name = "display-types"
version = "0.3.1"
source = "registry+https://github.com/rust-lang/crates.io-index"
checksum = "60dc3a31d8f31b9c3061260c75faacc7c2cffa1f351a8051bc700e051ece17a6"
dependencies = [
 "bitflags",
]

[[package]]
name = "hdmi-hal"
version = "0.2.0"
source = "registry+https://github.com/rust-lang/crates.io-index"
checksum = "833c9e4d59a4e1a01054ce35b203030c539b934dcc972bf09592066059572ba1"
dependencies = [
 "display-types",
]

[[package]]
name = "hdmi-hal"
version = "0.3.0"
source = "registry+https://github.com/rust-lang/crates.io-index"
checksum = "d91ae818f9d040b67827ae8e83fc8f27c5de1ef93aecd9394f7fdff368c40feb"
dependencies = [
 "display-types",
]

[[package]]
name = "hdmi-hal-async"
version = "0.1.0"
source = "registry+https://github.com/rust-lang/crates.io-index"
checksum = "a41c1349bd5cb27b5a12956a5153a03e9c068573505b72c60ee1b6abb6c6dc75"
dependencies = [
 "display-types",
 "hdmi-hal 0.3.0",
]

[[package]]
name = "plumbob"
version = "0.1.2"
source = "registry+https://github.com/rust-lang/crates.io-index"
checksum = "50b93b044d41b6df02bc7cb4aff38234b94f7e18621217bad863417bef843d64"
dependencies = [
 "display-types",
 "hdmi-hal 0.3.0",
]

[[package]]
name = "plumbob-async"
version = "0.1.0"
source = "registry+https://github.com/rust-lang/crates.io-index"
checksum = "03c54f7fdf2d68ae36c6f7d49876bc849cc439fdbe575a776562f19adba7e16b"
dependencies = [
 "display-types",
 "hdmi-hal-async",
 "plumbob",
]

[[package]]
name = "pollster"
version = "0.3.0"
source = "registry+https://github.com/rust-lang/crates.io-index"
checksum = "22686f4785f02a4fcc856d3b3bb19bf6c8160d103f7a99cc258bddd0251dc7f2"
dependencies = [
 "pollster-macro",
]

[[package]]
name = "pollster-macro"
version = "0.1.0"
source = "registry+https://github.com/rust-lang/crates.io-index"
checksum = "ea78f0ef4193055a4b09814ce6bcb572ad1174d6023e2f00a9ea1a798d18d301"
dependencies = [
 "proc-macro2",
 "quote",
 "syn",
]

[[package]]
name = "proc-macro2"
version = "1.0.106"
source = "registry+https://github.com/rust-lang/crates.io-index"
checksum = "8fd00f0bb2e90d81d1044c2b32617f68fcb9fa3bb7640c23e9c748e53fb30934"
dependencies = [
 "unicode-ident",
]

[[package]]
name = "quote"
version = "1.0.45"
source = "registry+https://github.com/rust-lang/crates.io-index"
checksum = "41f2619966050689382d2b44f664f4bc593e129785a36d6ee376ddf37259b924"
dependencies = [
 "proc-macro2",
]

[[package]]
name = "syn"
version = "1.0.109"
source = "registry+https://github.com/rust-lang/crates.io-index"
checksum = "72b64191b275b66ffe2469e8af2c1cfe3bafa67b529ead792a6d0160888b4237"
dependencies = [
 "proc-macro2",
 "quote",
 "unicode-ident",
]

[[package]]
name = "unicode-ident"
version = "1.0.24"
source = "registry+https://github.com/rust-lang/crates.io-index"
checksum = "e6e4313cd5fcd3dad5cafa179702e2b244f760991f45397d14d4ebf38247da75"
